// !$*UTF8*$!
{
	archiveVersion = 1;
	classes = {
	};
	objectVersion = 50;
	objects = {

/* Begin PBXBuildFile section */
		F438C885235E334300DD143D /* HandView.swift in Sources */ = {isa = PBXBuildFile; fileRef = F438C884235E334300DD143D /* HandView.swift */; };
		F438C887235E4E0400DD143D /* OrderView.swift in Sources */ = {isa = PBXBuildFile; fileRef = F438C886235E4E0400DD143D /* OrderView.swift */; };
		F438C889235F8A1500DD143D /* PickPlayersView.swift in Sources */ = {isa = PBXBuildFile; fileRef = F438C888235F8A1500DD143D /* PickPlayersView.swift */; };
		F438C88B2360DE4600DD143D /* Tests.swift in Sources */ = {isa = PBXBuildFile; fileRef = F438C88A2360DE4600DD143D /* Tests.swift */; };
		F438C88D2362159200DD143D /* TestUI.swift in Sources */ = {isa = PBXBuildFile; fileRef = F438C88C2362159200DD143D /* TestUI.swift */; };
		FF6EDDD2235E07DE00744CAB /* AppDelegate.swift in Sources */ = {isa = PBXBuildFile; fileRef = FF6EDDD1235E07DE00744CAB /* AppDelegate.swift */; };
		FF6EDDD4235E07DE00744CAB /* ContentView.swift in Sources */ = {isa = PBXBuildFile; fileRef = FF6EDDD3235E07DE00744CAB /* ContentView.swift */; };
		FF6EDDD6235E07DF00744CAB /* Assets.xcassets in Resources */ = {isa = PBXBuildFile; fileRef = FF6EDDD5235E07DF00744CAB /* Assets.xcassets */; };
		FF6EDDD9235E07DF00744CAB /* Preview Assets.xcassets in Resources */ = {isa = PBXBuildFile; fileRef = FF6EDDD8235E07DF00744CAB /* Preview Assets.xcassets */; };
		FF6EDDDC235E07DF00744CAB /* Main.storyboard in Resources */ = {isa = PBXBuildFile; fileRef = FF6EDDDA235E07DF00744CAB /* Main.storyboard */; };
		FFA2EE7F235F6359003AE97A /* StackView.swift in Sources */ = {isa = PBXBuildFile; fileRef = FFA2EE7E235F6359003AE97A /* StackView.swift */; };
		FFB4336823620B230060C61D /* TextMenu.swift in Sources */ = {isa = PBXBuildFile; fileRef = FFB4336723620B230060C61D /* TextMenu.swift */; };
		FFD269D4235E0A7900572168 /* CardView.swift in Sources */ = {isa = PBXBuildFile; fileRef = FFD269D3235E0A7900572168 /* CardView.swift */; };
		FFD269D6235E0B5400572168 /* Card.swift in Sources */ = {isa = PBXBuildFile; fileRef = F4FD9D98235A8A6A0030DA5E /* Card.swift */; };
		FFD269D7235E0B5400572168 /* CurrentOrder.swift in Sources */ = {isa = PBXBuildFile; fileRef = F4FD9DA4235A8EA00030DA5E /* CurrentOrder.swift */; };
		FFD269D8235E0B5400572168 /* Game.swift in Sources */ = {isa = PBXBuildFile; fileRef = F4FD9DA2235A8DED0030DA5E /* Game.swift */; };
		FFD269D9235E0B5400572168 /* MenuCategory.swift in Sources */ = {isa = PBXBuildFile; fileRef = F4FD9D9C235A8B6F0030DA5E /* MenuCategory.swift */; };
		FFD269DA235E0B5400572168 /* MenuItem.swift in Sources */ = {isa = PBXBuildFile; fileRef = F4FD9D9E235A8CD30030DA5E /* MenuItem.swift */; };
		FFD269DB235E0B5400572168 /* Player.swift in Sources */ = {isa = PBXBuildFile; fileRef = F4FD9DA0235A8D6F0030DA5E /* Player.swift */; };
		FFD269DC235E0B5400572168 /* Restaurant.swift in Sources */ = {isa = PBXBuildFile; fileRef = F4FD9D9A235A8AFE0030DA5E /* Restaurant.swift */; };
		FFE04E7B235E3121002B953B /* Deck.swift in Sources */ = {isa = PBXBuildFile; fileRef = FFE04E7A235E3121002B953B /* Deck.swift */; };
		FFF03BBE235F9BB0006417B7 /* FullUI.swift in Sources */ = {isa = PBXBuildFile; fileRef = FFF03BBD235F9BB0006417B7 /* FullUI.swift */; };
		FFF03BC0235F9C01006417B7 /* TextUI.swift in Sources */ = {isa = PBXBuildFile; fileRef = FFF03BBF235F9C01006417B7 /* TextUI.swift */; };
/* End PBXBuildFile section */

/* Begin PBXFileReference section */
		F438C884235E334300DD143D /* HandView.swift */ = {isa = PBXFileReference; lastKnownFileType = sourcecode.swift; path = HandView.swift; sourceTree = "<group>"; };
		F438C886235E4E0400DD143D /* OrderView.swift */ = {isa = PBXFileReference; lastKnownFileType = sourcecode.swift; path = OrderView.swift; sourceTree = "<group>"; };
		F438C888235F8A1500DD143D /* PickPlayersView.swift */ = {isa = PBXFileReference; lastKnownFileType = sourcecode.swift; path = PickPlayersView.swift; sourceTree = "<group>"; };
		F438C88A2360DE4600DD143D /* Tests.swift */ = {isa = PBXFileReference; lastKnownFileType = sourcecode.swift; path = Tests.swift; sourceTree = "<group>"; };
		F438C88C2362159200DD143D /* TestUI.swift */ = {isa = PBXFileReference; lastKnownFileType = sourcecode.swift; path = TestUI.swift; sourceTree = "<group>"; };
		F4FD9D98235A8A6A0030DA5E /* Card.swift */ = {isa = PBXFileReference; lastKnownFileType = sourcecode.swift; path = Card.swift; sourceTree = "<group>"; };
		F4FD9D9A235A8AFE0030DA5E /* Restaurant.swift */ = {isa = PBXFileReference; lastKnownFileType = sourcecode.swift; path = Restaurant.swift; sourceTree = "<group>"; };
		F4FD9D9C235A8B6F0030DA5E /* MenuCategory.swift */ = {isa = PBXFileReference; lastKnownFileType = sourcecode.swift; path = MenuCategory.swift; sourceTree = "<group>"; };
		F4FD9D9E235A8CD30030DA5E /* MenuItem.swift */ = {isa = PBXFileReference; lastKnownFileType = sourcecode.swift; path = MenuItem.swift; sourceTree = "<group>"; };
		F4FD9DA0235A8D6F0030DA5E /* Player.swift */ = {isa = PBXFileReference; lastKnownFileType = sourcecode.swift; path = Player.swift; sourceTree = "<group>"; };
		F4FD9DA2235A8DED0030DA5E /* Game.swift */ = {isa = PBXFileReference; lastKnownFileType = sourcecode.swift; path = Game.swift; sourceTree = "<group>"; };
		F4FD9DA4235A8EA00030DA5E /* CurrentOrder.swift */ = {isa = PBXFileReference; lastKnownFileType = sourcecode.swift; path = CurrentOrder.swift; sourceTree = "<group>"; };
		FF6EDDCF235E07DE00744CAB /* Lord of the Fries.app */ = {isa = PBXFileReference; explicitFileType = wrapper.application; includeInIndex = 0; path = "Lord of the Fries.app"; sourceTree = BUILT_PRODUCTS_DIR; };
		FF6EDDD1235E07DE00744CAB /* AppDelegate.swift */ = {isa = PBXFileReference; lastKnownFileType = sourcecode.swift; path = AppDelegate.swift; sourceTree = "<group>"; };
		FF6EDDD3235E07DE00744CAB /* ContentView.swift */ = {isa = PBXFileReference; lastKnownFileType = sourcecode.swift; path = ContentView.swift; sourceTree = "<group>"; };
		FF6EDDD5235E07DF00744CAB /* Assets.xcassets */ = {isa = PBXFileReference; lastKnownFileType = folder.assetcatalog; path = Assets.xcassets; sourceTree = "<group>"; };
		FF6EDDD8235E07DF00744CAB /* Preview Assets.xcassets */ = {isa = PBXFileReference; lastKnownFileType = folder.assetcatalog; path = "Preview Assets.xcassets"; sourceTree = "<group>"; };
		FF6EDDDB235E07DF00744CAB /* Base */ = {isa = PBXFileReference; lastKnownFileType = file.storyboard; name = Base; path = Base.lproj/Main.storyboard; sourceTree = "<group>"; };
		FF6EDDDD235E07DF00744CAB /* Info.plist */ = {isa = PBXFileReference; lastKnownFileType = text.plist.xml; path = Info.plist; sourceTree = "<group>"; };
		FF6EDDDE235E07DF00744CAB /* Lord_of_the_Fries.entitlements */ = {isa = PBXFileReference; lastKnownFileType = text.plist.entitlements; path = Lord_of_the_Fries.entitlements; sourceTree = "<group>"; };
		FFA2EE7E235F6359003AE97A /* StackView.swift */ = {isa = PBXFileReference; lastKnownFileType = sourcecode.swift; path = StackView.swift; sourceTree = "<group>"; };
		FFB4336723620B230060C61D /* TextMenu.swift */ = {isa = PBXFileReference; lastKnownFileType = sourcecode.swift; path = TextMenu.swift; sourceTree = "<group>"; };
		FFD269D3235E0A7900572168 /* CardView.swift */ = {isa = PBXFileReference; lastKnownFileType = sourcecode.swift; path = CardView.swift; sourceTree = "<group>"; };
		FFE04E7A235E3121002B953B /* Deck.swift */ = {isa = PBXFileReference; lastKnownFileType = sourcecode.swift; path = Deck.swift; sourceTree = "<group>"; };
		FFF03BBD235F9BB0006417B7 /* FullUI.swift */ = {isa = PBXFileReference; lastKnownFileType = sourcecode.swift; path = FullUI.swift; sourceTree = "<group>"; };
		FFF03BBF235F9C01006417B7 /* TextUI.swift */ = {isa = PBXFileReference; lastKnownFileType = sourcecode.swift; path = TextUI.swift; sourceTree = "<group>"; };
/* End PBXFileReference section */

/* Begin PBXFrameworksBuildPhase section */
		FF6EDDCC235E07DE00744CAB /* Frameworks */ = {
			isa = PBXFrameworksBuildPhase;
			buildActionMask = 2147483647;
			files = (
			);
			runOnlyForDeploymentPostprocessing = 0;
		};
/* End PBXFrameworksBuildPhase section */

/* Begin PBXGroup section */
		F4FD9D85235A89880030DA5E = {
			isa = PBXGroup;
			children = (
				F4FD9D90235A89880030DA5E /* Core */,
				FFF03BBA235F9906006417B7 /* UI */,
				FF6EDDE2235E081500744CAB /* Views */,
				FF6EDDD0235E07DE00744CAB /* Lord of the Fries */,
				F4FD9D8F235A89880030DA5E /* Products */,
			);
			sourceTree = "<group>";
		};
		F4FD9D8F235A89880030DA5E /* Products */ = {
			isa = PBXGroup;
			children = (
				FF6EDDCF235E07DE00744CAB /* Lord of the Fries.app */,
			);
			name = Products;
			sourceTree = "<group>";
		};
		F4FD9D90235A89880030DA5E /* Core */ = {
			isa = PBXGroup;
			children = (
				F4FD9D98235A8A6A0030DA5E /* Card.swift */,
				FFE04E7A235E3121002B953B /* Deck.swift */,
				F4FD9DA4235A8EA00030DA5E /* CurrentOrder.swift */,
				F4FD9DA2235A8DED0030DA5E /* Game.swift */,
				F4FD9D9C235A8B6F0030DA5E /* MenuCategory.swift */,
				F4FD9D9E235A8CD30030DA5E /* MenuItem.swift */,
				F4FD9DA0235A8D6F0030DA5E /* Player.swift */,
				F438C88A2360DE4600DD143D /* Tests.swift */,
				F4FD9D9A235A8AFE0030DA5E /* Restaurant.swift */,
			);
			path = Core;
			sourceTree = "<group>";
		};
		FF6EDDD0235E07DE00744CAB /* Lord of the Fries */ = {
			isa = PBXGroup;
			children = (
				FF6EDDD1235E07DE00744CAB /* AppDelegate.swift */,
				FF6EDDD5235E07DF00744CAB /* Assets.xcassets */,
				FF6EDDDA235E07DF00744CAB /* Main.storyboard */,
				FF6EDDDD235E07DF00744CAB /* Info.plist */,
				FF6EDDDE235E07DF00744CAB /* Lord_of_the_Fries.entitlements */,
				FF6EDDD7235E07DF00744CAB /* Preview Content */,
			);
			path = "Lord of the Fries";
			sourceTree = "<group>";
		};
		FF6EDDD7235E07DF00744CAB /* Preview Content */ = {
			isa = PBXGroup;
			children = (
				FF6EDDD8235E07DF00744CAB /* Preview Assets.xcassets */,
			);
			path = "Preview Content";
			sourceTree = "<group>";
		};
		FF6EDDE2235E081500744CAB /* Views */ = {
			isa = PBXGroup;
			children = (
				FFD269D3235E0A7900572168 /* CardView.swift */,
				FF6EDDD3235E07DE00744CAB /* ContentView.swift */,
				F438C884235E334300DD143D /* HandView.swift */,
				F438C886235E4E0400DD143D /* OrderView.swift */,
				F438C888235F8A1500DD143D /* PickPlayersView.swift */,
				FFA2EE7E235F6359003AE97A /* StackView.swift */,
			);
			path = Views;
			sourceTree = "<group>";
		};
		FFF03BBA235F9906006417B7 /* UI */ = {
			isa = PBXGroup;
			children = (
				FFF03BBF235F9C01006417B7 /* TextUI.swift */,
				F438C88C2362159200DD143D /* TestUI.swift */,
				FFB4336723620B230060C61D /* TextMenu.swift */,
				FFF03BBD235F9BB0006417B7 /* FullUI.swift */,
			);
			path = UI;
			sourceTree = "<group>";
		};
/* End PBXGroup section */

/* Begin PBXNativeTarget section */
		FF6EDDCE235E07DE00744CAB /* Lord of the Fries */ = {
			isa = PBXNativeTarget;
			buildConfigurationList = FF6EDDDF235E07DF00744CAB /* Build configuration list for PBXNativeTarget "Lord of the Fries" */;
			buildPhases = (
				FF6EDDCB235E07DE00744CAB /* Sources */,
				FF6EDDCC235E07DE00744CAB /* Frameworks */,
				FF6EDDCD235E07DE00744CAB /* Resources */,
			);
			buildRules = (
			);
			dependencies = (
			);
			name = "Lord of the Fries";
			productName = "Lord of the Fries";
			productReference = FF6EDDCF235E07DE00744CAB /* Lord of the Fries.app */;
			productType = "com.apple.product-type.application";
		};
/* End PBXNativeTarget section */

/* Begin PBXProject section */
		F4FD9D86235A89880030DA5E /* Project object */ = {
			isa = PBXProject;
			attributes = {
				LastSwiftUpdateCheck = 1110;
				LastUpgradeCheck = 1100;
				ORGANIZATIONNAME = "Marcus Bamberger";
				TargetAttributes = {
					FF6EDDCE235E07DE00744CAB = {
						CreatedOnToolsVersion = 11.1;
					};
				};
			};
			buildConfigurationList = F4FD9D89235A89880030DA5E /* Build configuration list for PBXProject "Lord of the Fries" */;
			compatibilityVersion = "Xcode 9.3";
			developmentRegion = en;
			hasScannedForEncodings = 0;
			knownRegions = (
				en,
				Base,
			);
			mainGroup = F4FD9D85235A89880030DA5E;
			productRefGroup = F4FD9D8F235A89880030DA5E /* Products */;
			projectDirPath = "";
			projectRoot = "";
			targets = (
				FF6EDDCE235E07DE00744CAB /* Lord of the Fries */,
			);
		};
/* End PBXProject section */

/* Begin PBXResourcesBuildPhase section */
		FF6EDDCD235E07DE00744CAB /* Resources */ = {
			isa = PBXResourcesBuildPhase;
			buildActionMask = 2147483647;
			files = (
				FF6EDDDC235E07DF00744CAB /* Main.storyboard in Resources */,
				FF6EDDD9235E07DF00744CAB /* Preview Assets.xcassets in Resources */,
				FF6EDDD6235E07DF00744CAB /* Assets.xcassets in Resources */,
			);
			runOnlyForDeploymentPostprocessing = 0;
		};
/* End PBXResourcesBuildPhase section */

/* Begin PBXSourcesBuildPhase section */
		FF6EDDCB235E07DE00744CAB /* Sources */ = {
			isa = PBXSourcesBuildPhase;
			buildActionMask = 2147483647;
			files = (
				FFB4336823620B230060C61D /* TextMenu.swift in Sources */,
				FFA2EE7F235F6359003AE97A /* StackView.swift in Sources */,
				F438C88B2360DE4600DD143D /* Tests.swift in Sources */,
				FFE04E7B235E3121002B953B /* Deck.swift in Sources */,
				FFF03BC0235F9C01006417B7 /* TextUI.swift in Sources */,
				F438C88D2362159200DD143D /* TestUI.swift in Sources */,
				FFD269DC235E0B5400572168 /* Restaurant.swift in Sources */,
				FFD269D9235E0B5400572168 /* MenuCategory.swift in Sources */,
				FF6EDDD4235E07DE00744CAB /* ContentView.swift in Sources */,
				FFF03BBE235F9BB0006417B7 /* FullUI.swift in Sources */,
				FFD269D4235E0A7900572168 /* CardView.swift in Sources */,
				FFD269D8235E0B5400572168 /* Game.swift in Sources */,
				FFD269D6235E0B5400572168 /* Card.swift in Sources */,
				FFD269DA235E0B5400572168 /* MenuItem.swift in Sources */,
				FFD269D7235E0B5400572168 /* CurrentOrder.swift in Sources */,
				FFD269DB235E0B5400572168 /* Player.swift in Sources */,
				F438C887235E4E0400DD143D /* OrderView.swift in Sources */,
				FF6EDDD2235E07DE00744CAB /* AppDelegate.swift in Sources */,
				F438C885235E334300DD143D /* HandView.swift in Sources */,
				F438C889235F8A1500DD143D /* PickPlayersView.swift in Sources */,
			);
			runOnlyForDeploymentPostprocessing = 0;
		};
/* End PBXSourcesBuildPhase section */

/* Begin PBXVariantGroup section */
		FF6EDDDA235E07DF00744CAB /* Main.storyboard */ = {
			isa = PBXVariantGroup;
			children = (
				FF6EDDDB235E07DF00744CAB /* Base */,
			);
			name = Main.storyboard;
			sourceTree = "<group>";
		};
/* End PBXVariantGroup section */

/* Begin XCBuildConfiguration section */
		F4FD9D93235A89880030DA5E /* Debug */ = {
			isa = XCBuildConfiguration;
			buildSettings = {
				ALWAYS_SEARCH_USER_PATHS = NO;
				CLANG_ANALYZER_NONNULL = YES;
				CLANG_ANALYZER_NUMBER_OBJECT_CONVERSION = YES_AGGRESSIVE;
				CLANG_CXX_LANGUAGE_STANDARD = "gnu++14";
				CLANG_CXX_LIBRARY = "libc++";
				CLANG_ENABLE_MODULES = YES;
				CLANG_ENABLE_OBJC_ARC = YES;
				CLANG_ENABLE_OBJC_WEAK = YES;
				CLANG_WARN_BLOCK_CAPTURE_AUTORELEASING = YES;
				CLANG_WARN_BOOL_CONVERSION = YES;
				CLANG_WARN_COMMA = YES;
				CLANG_WARN_CONSTANT_CONVERSION = YES;
				CLANG_WARN_DEPRECATED_OBJC_IMPLEMENTATIONS = YES;
				CLANG_WARN_DIRECT_OBJC_ISA_USAGE = YES_ERROR;
				CLANG_WARN_DOCUMENTATION_COMMENTS = YES;
				CLANG_WARN_EMPTY_BODY = YES;
				CLANG_WARN_ENUM_CONVERSION = YES;
				CLANG_WARN_INFINITE_RECURSION = YES;
				CLANG_WARN_INT_CONVERSION = YES;
				CLANG_WARN_NON_LITERAL_NULL_CONVERSION = YES;
				CLANG_WARN_OBJC_IMPLICIT_RETAIN_SELF = YES;
				CLANG_WARN_OBJC_LITERAL_CONVERSION = YES;
				CLANG_WARN_OBJC_ROOT_CLASS = YES_ERROR;
				CLANG_WARN_RANGE_LOOP_ANALYSIS = YES;
				CLANG_WARN_STRICT_PROTOTYPES = YES;
				CLANG_WARN_SUSPICIOUS_MOVE = YES;
				CLANG_WARN_UNGUARDED_AVAILABILITY = YES_AGGRESSIVE;
				CLANG_WARN_UNREACHABLE_CODE = YES;
				CLANG_WARN__DUPLICATE_METHOD_MATCH = YES;
				COPY_PHASE_STRIP = NO;
				DEBUG_INFORMATION_FORMAT = dwarf;
				ENABLE_STRICT_OBJC_MSGSEND = YES;
				ENABLE_TESTABILITY = YES;
				GCC_C_LANGUAGE_STANDARD = gnu11;
				GCC_DYNAMIC_NO_PIC = NO;
				GCC_NO_COMMON_BLOCKS = YES;
				GCC_OPTIMIZATION_LEVEL = 0;
				GCC_PREPROCESSOR_DEFINITIONS = (
					"DEBUG=1",
					"$(inherited)",
				);
				GCC_WARN_64_TO_32_BIT_CONVERSION = YES;
				GCC_WARN_ABOUT_RETURN_TYPE = YES_ERROR;
				GCC_WARN_UNDECLARED_SELECTOR = YES;
				GCC_WARN_UNINITIALIZED_AUTOS = YES_AGGRESSIVE;
				GCC_WARN_UNUSED_FUNCTION = YES;
				GCC_WARN_UNUSED_VARIABLE = YES;
				MACOSX_DEPLOYMENT_TARGET = 10.15;
				MTL_ENABLE_DEBUG_INFO = INCLUDE_SOURCE;
				MTL_FAST_MATH = YES;
				ONLY_ACTIVE_ARCH = YES;
				SDKROOT = macosx;
				SWIFT_ACTIVE_COMPILATION_CONDITIONS = DEBUG;
				SWIFT_OPTIMIZATION_LEVEL = "-Onone";
			};
			name = Debug;
		};
		F4FD9D94235A89880030DA5E /* Release */ = {
			isa = XCBuildConfiguration;
			buildSettings = {
				ALWAYS_SEARCH_USER_PATHS = NO;
				CLANG_ANALYZER_NONNULL = YES;
				CLANG_ANALYZER_NUMBER_OBJECT_CONVERSION = YES_AGGRESSIVE;
				CLANG_CXX_LANGUAGE_STANDARD = "gnu++14";
				CLANG_CXX_LIBRARY = "libc++";
				CLANG_ENABLE_MODULES = YES;
				CLANG_ENABLE_OBJC_ARC = YES;
				CLANG_ENABLE_OBJC_WEAK = YES;
				CLANG_WARN_BLOCK_CAPTURE_AUTORELEASING = YES;
				CLANG_WARN_BOOL_CONVERSION = YES;
				CLANG_WARN_COMMA = YES;
				CLANG_WARN_CONSTANT_CONVERSION = YES;
				CLANG_WARN_DEPRECATED_OBJC_IMPLEMENTATIONS = YES;
				CLANG_WARN_DIRECT_OBJC_ISA_USAGE = YES_ERROR;
				CLANG_WARN_DOCUMENTATION_COMMENTS = YES;
				CLANG_WARN_EMPTY_BODY = YES;
				CLANG_WARN_ENUM_CONVERSION = YES;
				CLANG_WARN_INFINITE_RECURSION = YES;
				CLANG_WARN_INT_CONVERSION = YES;
				CLANG_WARN_NON_LITERAL_NULL_CONVERSION = YES;
				CLANG_WARN_OBJC_IMPLICIT_RETAIN_SELF = YES;
				CLANG_WARN_OBJC_LITERAL_CONVERSION = YES;
				CLANG_WARN_OBJC_ROOT_CLASS = YES_ERROR;
				CLANG_WARN_RANGE_LOOP_ANALYSIS = YES;
				CLANG_WARN_STRICT_PROTOTYPES = YES;
				CLANG_WARN_SUSPICIOUS_MOVE = YES;
				CLANG_WARN_UNGUARDED_AVAILABILITY = YES_AGGRESSIVE;
				CLANG_WARN_UNREACHABLE_CODE = YES;
				CLANG_WARN__DUPLICATE_METHOD_MATCH = YES;
				COPY_PHASE_STRIP = NO;
				DEBUG_INFORMATION_FORMAT = "dwarf-with-dsym";
				ENABLE_NS_ASSERTIONS = NO;
				ENABLE_STRICT_OBJC_MSGSEND = YES;
				GCC_C_LANGUAGE_STANDARD = gnu11;
				GCC_NO_COMMON_BLOCKS = YES;
				GCC_WARN_64_TO_32_BIT_CONVERSION = YES;
				GCC_WARN_ABOUT_RETURN_TYPE = YES_ERROR;
				GCC_WARN_UNDECLARED_SELECTOR = YES;
				GCC_WARN_UNINITIALIZED_AUTOS = YES_AGGRESSIVE;
				GCC_WARN_UNUSED_FUNCTION = YES;
				GCC_WARN_UNUSED_VARIABLE = YES;
				MACOSX_DEPLOYMENT_TARGET = 10.15;
				MTL_ENABLE_DEBUG_INFO = NO;
				MTL_FAST_MATH = YES;
				SDKROOT = macosx;
				SWIFT_COMPILATION_MODE = wholemodule;
				SWIFT_OPTIMIZATION_LEVEL = "-O";
			};
			name = Release;
		};
		FF6EDDE0235E07DF00744CAB /* Debug */ = {
			isa = XCBuildConfiguration;
			buildSettings = {
				ASSETCATALOG_COMPILER_APPICON_NAME = AppIcon;
				CODE_SIGN_ENTITLEMENTS = "Lord of the Fries/Lord_of_the_Fries.entitlements";
				CODE_SIGN_STYLE = Automatic;
				COMBINE_HIDPI_IMAGES = YES;
				DEVELOPMENT_ASSET_PATHS = "\"Lord of the Fries/Preview Content\"";
				ENABLE_PREVIEWS = YES;
				INFOPLIST_FILE = "Lord of the Fries/Info.plist";
				LD_RUNPATH_SEARCH_PATHS = (
					"$(inherited)",
					"@executable_path/../Frameworks",
				);
				MACOSX_DEPLOYMENT_TARGET = 10.15;
				PRODUCT_BUNDLE_IDENTIFIER = "com.marcusbamberger.Lord-of-the-Fries";
				PRODUCT_NAME = "$(TARGET_NAME)";
				SWIFT_VERSION = 5.0;
			};
			name = Debug;
		};
		FF6EDDE1235E07DF00744CAB /* Release */ = {
			isa = XCBuildConfiguration;
			buildSettings = {
				ASSETCATALOG_COMPILER_APPICON_NAME = AppIcon;
				CODE_SIGN_ENTITLEMENTS = "Lord of the Fries/Lord_of_the_Fries.entitlements";
				CODE_SIGN_STYLE = Automatic;
				COMBINE_HIDPI_IMAGES = YES;
				DEVELOPMENT_ASSET_PATHS = "\"Lord of the Fries/Preview Content\"";
				ENABLE_PREVIEWS = YES;
				INFOPLIST_FILE = "Lord of the Fries/Info.plist";
				LD_RUNPATH_SEARCH_PATHS = (
					"$(inherited)",
					"@executable_path/../Frameworks",
				);
				MACOSX_DEPLOYMENT_TARGET = 10.15;
				PRODUCT_BUNDLE_IDENTIFIER = "com.marcusbamberger.Lord-of-the-Fries";
				PRODUCT_NAME = "$(TARGET_NAME)";
				SWIFT_VERSION = 5.0;
			};
			name = Release;
		};
/* End XCBuildConfiguration section */

/* Begin XCConfigurationList section */
		F4FD9D89235A89880030DA5E /* Build configuration list for PBXProject "Lord of the Fries" */ = {
			isa = XCConfigurationList;
			buildConfigurations = (
				F4FD9D93235A89880030DA5E /* Debug */,
				F4FD9D94235A89880030DA5E /* Release */,
			);
			defaultConfigurationIsVisible = 0;
			defaultConfigurationName = Release;
		};
		FF6EDDDF235E07DF00744CAB /* Build configuration list for PBXNativeTarget "Lord of the Fries" */ = {
			isa = XCConfigurationList;
			buildConfigurations = (
				FF6EDDE0235E07DF00744CAB /* Debug */,
				FF6EDDE1235E07DF00744CAB /* Release */,
			);
			defaultConfigurationIsVisible = 0;
			defaultConfigurationName = Release;
		};
/* End XCConfigurationList section */
	};
	rootObject = F4FD9D86235A89880030DA5E /* Project object */;
}
